// !$*UTF8*$!
{
	archiveVersion = 1;
	classes = {
	};
	objectVersion = 56;
	objects = {

/* Begin PBXBuildFile section */
		D614176F2C55F0EB00A5B038 /* Push_Notification_POCApp.swift in Sources */ = {isa = PBXBuildFile; fileRef = D614176E2C55F0EB00A5B038 /* Push_Notification_POCApp.swift */; };
		D61417712C55F0EB00A5B038 /* ContentView.swift in Sources */ = {isa = PBXBuildFile; fileRef = D61417702C55F0EB00A5B038 /* ContentView.swift */; };
		D61417732C55F0ED00A5B038 /* Assets.xcassets in Resources */ = {isa = PBXBuildFile; fileRef = D61417722C55F0ED00A5B038 /* Assets.xcassets */; };
		D61417762C55F0ED00A5B038 /* Preview Assets.xcassets in Resources */ = {isa = PBXBuildFile; fileRef = D61417752C55F0ED00A5B038 /* Preview Assets.xcassets */; };
		D61417802C55F90F00A5B038 /* NotificationManager.swift in Sources */ = {isa = PBXBuildFile; fileRef = D614177F2C55F90F00A5B038 /* NotificationManager.swift */; };
		D61417822C55FA7C00A5B038 /* AppDelegate.swift in Sources */ = {isa = PBXBuildFile; fileRef = D61417812C55FA7C00A5B038 /* AppDelegate.swift */; };
/* End PBXBuildFile section */

/* Begin PBXFileReference section */
		D614176B2C55F0EB00A5B038 /* Push Notification POC.app */ = {isa = PBXFileReference; explicitFileType = wrapper.application; includeInIndex = 0; path = "Push Notification POC.app"; sourceTree = BUILT_PRODUCTS_DIR; };
		D614176E2C55F0EB00A5B038 /* Push_Notification_POCApp.swift */ = {isa = PBXFileReference; lastKnownFileType = sourcecode.swift; path = Push_Notification_POCApp.swift; sourceTree = "<group>"; };
		D61417702C55F0EB00A5B038 /* ContentView.swift */ = {isa = PBXFileReference; lastKnownFileType = sourcecode.swift; path = ContentView.swift; sourceTree = "<group>"; };
		D61417722C55F0ED00A5B038 /* Assets.xcassets */ = {isa = PBXFileReference; lastKnownFileType = folder.assetcatalog; path = Assets.xcassets; sourceTree = "<group>"; };
		D61417752C55F0ED00A5B038 /* Preview Assets.xcassets */ = {isa = PBXFileReference; lastKnownFileType = folder.assetcatalog; path = "Preview Assets.xcassets"; sourceTree = "<group>"; };
		D614177C2C55F73800A5B038 /* Push Notification POC.entitlements */ = {isa = PBXFileReference; lastKnownFileType = text.plist.entitlements; path = "Push Notification POC.entitlements"; sourceTree = "<group>"; };
		D614177F2C55F90F00A5B038 /* NotificationManager.swift */ = {isa = PBXFileReference; lastKnownFileType = sourcecode.swift; path = NotificationManager.swift; sourceTree = "<group>"; };
		D61417812C55FA7C00A5B038 /* AppDelegate.swift */ = {isa = PBXFileReference; lastKnownFileType = sourcecode.swift; path = AppDelegate.swift; sourceTree = "<group>"; };
/* End PBXFileReference section */

/* Begin PBXFrameworksBuildPhase section */
		D61417682C55F0EB00A5B038 /* Frameworks */ = {
			isa = PBXFrameworksBuildPhase;
			buildActionMask = 2147483647;
			files = (
			);
			runOnlyForDeploymentPostprocessing = 0;
		};
/* End PBXFrameworksBuildPhase section */

/* Begin PBXGroup section */
		D61417622C55F0EB00A5B038 = {
			isa = PBXGroup;
			children = (
				D614176D2C55F0EB00A5B038 /* Push Notification POC */,
				D614176C2C55F0EB00A5B038 /* Products */,
			);
			sourceTree = "<group>";
		};
		D614176C2C55F0EB00A5B038 /* Products */ = {
			isa = PBXGroup;
			children = (
				D614176B2C55F0EB00A5B038 /* Push Notification POC.app */,
			);
			name = Products;
			sourceTree = "<group>";
		};
		D614176D2C55F0EB00A5B038 /* Push Notification POC */ = {
			isa = PBXGroup;
			children = (
				D614177C2C55F73800A5B038 /* Push Notification POC.entitlements */,
				D614176E2C55F0EB00A5B038 /* Push_Notification_POCApp.swift */,
				D61417702C55F0EB00A5B038 /* ContentView.swift */,
				D61417722C55F0ED00A5B038 /* Assets.xcassets */,
				D61417742C55F0ED00A5B038 /* Preview Content */,
				D614177F2C55F90F00A5B038 /* NotificationManager.swift */,
				D61417812C55FA7C00A5B038 /* AppDelegate.swift */,
			);
			path = "Push Notification POC";
			sourceTree = "<group>";
		};
		D61417742C55F0ED00A5B038 /* Preview Content */ = {
			isa = PBXGroup;
			children = (
				D61417752C55F0ED00A5B038 /* Preview Assets.xcassets */,
			);
			path = "Preview Content";
			sourceTree = "<group>";
		};
/* End PBXGroup section */

/* Begin PBXNativeTarget section */
		D614176A2C55F0EB00A5B038 /* Push Notification POC */ = {
			isa = PBXNativeTarget;
			buildConfigurationList = D61417792C55F0ED00A5B038 /* Build configuration list for PBXNativeTarget "Push Notification POC" */;
			buildPhases = (
				D61417672C55F0EB00A5B038 /* Sources */,
				D61417682C55F0EB00A5B038 /* Frameworks */,
				D61417692C55F0EB00A5B038 /* Resources */,
			);
			buildRules = (
			);
			dependencies = (
			);
			name = "Push Notification POC";
			productName = "Push Notification POC";
			productReference = D614176B2C55F0EB00A5B038 /* Push Notification POC.app */;
			productType = "com.apple.product-type.application";
		};
/* End PBXNativeTarget section */

/* Begin PBXProject section */
		D61417632C55F0EB00A5B038 /* Project object */ = {
			isa = PBXProject;
			attributes = {
				BuildIndependentTargetsInParallel = 1;
				LastSwiftUpdateCheck = 1500;
				LastUpgradeCheck = 1500;
				TargetAttributes = {
					D614176A2C55F0EB00A5B038 = {
						CreatedOnToolsVersion = 15.0.1;
					};
				};
			};
			buildConfigurationList = D61417662C55F0EB00A5B038 /* Build configuration list for PBXProject "Push Notification POC" */;
			compatibilityVersion = "Xcode 14.0";
			developmentRegion = en;
			hasScannedForEncodings = 0;
			knownRegions = (
				en,
				Base,
			);
			mainGroup = D61417622C55F0EB00A5B038;
			productRefGroup = D614176C2C55F0EB00A5B038 /* Products */;
			projectDirPath = "";
			projectRoot = "";
			targets = (
				D614176A2C55F0EB00A5B038 /* Push Notification POC */,
			);
		};
/* End PBXProject section */

/* Begin PBXResourcesBuildPhase section */
		D61417692C55F0EB00A5B038 /* Resources */ = {
			isa = PBXResourcesBuildPhase;
			buildActionMask = 2147483647;
			files = (
				D61417762C55F0ED00A5B038 /* Preview Assets.xcassets in Resources */,
				D61417732C55F0ED00A5B038 /* Assets.xcassets in Resources */,
			);
			runOnlyForDeploymentPostprocessing = 0;
		};
/* End PBXResourcesBuildPhase section */

/* Begin PBXSourcesBuildPhase section */
		D61417672C55F0EB00A5B038 /* Sources */ = {
			isa = PBXSourcesBuildPhase;
			buildActionMask = 2147483647;
			files = (
				D61417712C55F0EB00A5B038 /* ContentView.swift in Sources */,
				D614176F2C55F0EB00A5B038 /* Push_Notification_POCApp.swift in Sources */,
				D61417802C55F90F00A5B038 /* NotificationManager.swift in Sources */,
				D61417822C55FA7C00A5B038 /* AppDelegate.swift in Sources */,
			);
			runOnlyForDeploymentPostprocessing = 0;
		};
/* End PBXSourcesBuildPhase section */

/* Begin XCBuildConfiguration section */
		D61417772C55F0ED00A5B038 /* Debug */ = {
			isa = XCBuildConfiguration;
			buildSettings = {
				ALWAYS_SEARCH_USER_PATHS = NO;
				ASSETCATALOG_COMPILER_GENERATE_SWIFT_ASSET_SYMBOL_EXTENSIONS = YES;
				CLANG_ANALYZER_NONNULL = YES;
				CLANG_ANALYZER_NUMBER_OBJECT_CONVERSION = YES_AGGRESSIVE;
				CLANG_CXX_LANGUAGE_STANDARD = "gnu++20";
				CLANG_ENABLE_MODULES = YES;
				CLANG_ENABLE_OBJC_ARC = YES;
				CLANG_ENABLE_OBJC_WEAK = YES;
				CLANG_WARN_BLOCK_CAPTURE_AUTORELEASING = YES;
				CLANG_WARN_BOOL_CONVERSION = YES;
				CLANG_WARN_COMMA = YES;
				CLANG_WARN_CONSTANT_CONVERSION = YES;
				CLANG_WARN_DEPRECATED_OBJC_IMPLEMENTATIONS = YES;
				CLANG_WARN_DIRECT_OBJC_ISA_USAGE = YES_ERROR;
				CLANG_WARN_DOCUMENTATION_COMMENTS = YES;
				CLANG_WARN_EMPTY_BODY = YES;
				CLANG_WARN_ENUM_CONVERSION = YES;
				CLANG_WARN_INFINITE_RECURSION = YES;
				CLANG_WARN_INT_CONVERSION = YES;
				CLANG_WARN_NON_LITERAL_NULL_CONVERSION = YES;
				CLANG_WARN_OBJC_IMPLICIT_RETAIN_SELF = YES;
				CLANG_WARN_OBJC_LITERAL_CONVERSION = YES;
				CLANG_WARN_OBJC_ROOT_CLASS = YES_ERROR;
				CLANG_WARN_QUOTED_INCLUDE_IN_FRAMEWORK_HEADER = YES;
				CLANG_WARN_RANGE_LOOP_ANALYSIS = YES;
				CLANG_WARN_STRICT_PROTOTYPES = YES;
				CLANG_WARN_SUSPICIOUS_MOVE = YES;
				CLANG_WARN_UNGUARDED_AVAILABILITY = YES_AGGRESSIVE;
				CLANG_WARN_UNREACHABLE_CODE = YES;
				CLANG_WARN__DUPLICATE_METHOD_MATCH = YES;
				COPY_PHASE_STRIP = NO;
				DEBUG_INFORMATION_FORMAT = dwarf;
				ENABLE_STRICT_OBJC_MSGSEND = YES;
				ENABLE_TESTABILITY = YES;
				ENABLE_USER_SCRIPT_SANDBOXING = YES;
				GCC_C_LANGUAGE_STANDARD = gnu17;
				GCC_DYNAMIC_NO_PIC = NO;
				GCC_NO_COMMON_BLOCKS = YES;
				GCC_OPTIMIZATION_LEVEL = 0;
				GCC_PREPROCESSOR_DEFINITIONS = (
					"DEBUG=1",
					"$(inherited)",
				);
				GCC_WARN_64_TO_32_BIT_CONVERSION = YES;
				GCC_WARN_ABOUT_RETURN_TYPE = YES_ERROR;
				GCC_WARN_UNDECLARED_SELECTOR = YES;
				GCC_WARN_UNINITIALIZED_AUTOS = YES_AGGRESSIVE;
				GCC_WARN_UNUSED_FUNCTION = YES;
				GCC_WARN_UNUSED_VARIABLE = YES;
				IPHONEOS_DEPLOYMENT_TARGET = 17.0;
				LOCALIZATION_PREFERS_STRING_CATALOGS = YES;
				MTL_ENABLE_DEBUG_INFO = INCLUDE_SOURCE;
				MTL_FAST_MATH = YES;
				ONLY_ACTIVE_ARCH = YES;
				SDKROOT = iphoneos;
				SWIFT_ACTIVE_COMPILATION_CONDITIONS = "DEBUG $(inherited)";
				SWIFT_OPTIMIZATION_LEVEL = "-Onone";
			};
			name = Debug;
		};
		D61417782C55F0ED00A5B038 /* Release */ = {
			isa = XCBuildConfiguration;
			buildSettings = {
				ALWAYS_SEARCH_USER_PATHS = NO;
				ASSETCATALOG_COMPILER_GENERATE_SWIFT_ASSET_SYMBOL_EXTENSIONS = YES;
				CLANG_ANALYZER_NONNULL = YES;
				CLANG_ANALYZER_NUMBER_OBJECT_CONVERSION = YES_AGGRESSIVE;
				CLANG_CXX_LANGUAGE_STANDARD = "gnu++20";
				CLANG_ENABLE_MODULES = YES;
				CLANG_ENABLE_OBJC_ARC = YES;
				CLANG_ENABLE_OBJC_WEAK = YES;
				CLANG_WARN_BLOCK_CAPTURE_AUTORELEASING = YES;
				CLANG_WARN_BOOL_CONVERSION = YES;
				CLANG_WARN_COMMA = YES;
				CLANG_WARN_CONSTANT_CONVERSION = YES;
				CLANG_WARN_DEPRECATED_OBJC_IMPLEMENTATIONS = YES;
				CLANG_WARN_DIRECT_OBJC_ISA_USAGE = YES_ERROR;
				CLANG_WARN_DOCUMENTATION_COMMENTS = YES;
				CLANG_WARN_EMPTY_BODY = YES;
				CLANG_WARN_ENUM_CONVERSION = YES;
				CLANG_WARN_INFINITE_RECURSION = YES;
				CLANG_WARN_INT_CONVERSION = YES;
				CLANG_WARN_NON_LITERAL_NULL_CONVERSION = YES;
				CLANG_WARN_OBJC_IMPLICIT_RETAIN_SELF = YES;
				CLANG_WARN_OBJC_LITERAL_CONVERSION = YES;
				CLANG_WARN_OBJC_ROOT_CLASS = YES_ERROR;
				CLANG_WARN_QUOTED_INCLUDE_IN_FRAMEWORK_HEADER = YES;
				CLANG_WARN_RANGE_LOOP_ANALYSIS = YES;
				CLANG_WARN_STRICT_PROTOTYPES = YES;
				CLANG_WARN_SUSPICIOUS_MOVE = YES;
				CLANG_WARN_UNGUARDED_AVAILABILITY = YES_AGGRESSIVE;
				CLANG_WARN_UNREACHABLE_CODE = YES;
				CLANG_WARN__DUPLICATE_METHOD_MATCH = YES;
				COPY_PHASE_STRIP = NO;
				DEBUG_INFORMATION_FORMAT = "dwarf-with-dsym";
				ENABLE_NS_ASSERTIONS = NO;
				ENABLE_STRICT_OBJC_MSGSEND = YES;
				ENABLE_USER_SCRIPT_SANDBOXING = YES;
				GCC_C_LANGUAGE_STANDARD = gnu17;
				GCC_NO_COMMON_BLOCKS = YES;
				GCC_WARN_64_TO_32_BIT_CONVERSION = YES;
				GCC_WARN_ABOUT_RETURN_TYPE = YES_ERROR;
				GCC_WARN_UNDECLARED_SELECTOR = YES;
				GCC_WARN_UNINITIALIZED_AUTOS = YES_AGGRESSIVE;
				GCC_WARN_UNUSED_FUNCTION = YES;
				GCC_WARN_UNUSED_VARIABLE = YES;
				IPHONEOS_DEPLOYMENT_TARGET = 17.0;
				LOCALIZATION_PREFERS_STRING_CATALOGS = YES;
				MTL_ENABLE_DEBUG_INFO = NO;
				MTL_FAST_MATH = YES;
				SDKROOT = iphoneos;
				SWIFT_COMPILATION_MODE = wholemodule;
				VALIDATE_PRODUCT = YES;
			};
			name = Release;
		};
		D614177A2C55F0ED00A5B038 /* Debug */ = {
			isa = XCBuildConfiguration;
			buildSettings = {
				ASSETCATALOG_COMPILER_APPICON_NAME = AppIcon;
				ASSETCATALOG_COMPILER_GLOBAL_ACCENT_COLOR_NAME = AccentColor;
				CODE_SIGN_ENTITLEMENTS = "Push Notification POC/Push Notification POC.entitlements";
				CODE_SIGN_STYLE = Automatic;
				CURRENT_PROJECT_VERSION = 1;
				DEVELOPMENT_ASSET_PATHS = "\"Push Notification POC/Preview Content\"";
				ENABLE_PREVIEWS = YES;
				GENERATE_INFOPLIST_FILE = YES;
				INFOPLIST_KEY_UIApplicationSceneManifest_Generation = YES;
				INFOPLIST_KEY_UIApplicationSupportsIndirectInputEvents = YES;
				INFOPLIST_KEY_UILaunchScreen_Generation = YES;
				INFOPLIST_KEY_UISupportedInterfaceOrientations_iPad = "UIInterfaceOrientationPortrait UIInterfaceOrientationPortraitUpsideDown UIInterfaceOrientationLandscapeLeft UIInterfaceOrientationLandscapeRight";
				INFOPLIST_KEY_UISupportedInterfaceOrientations_iPhone = "UIInterfaceOrientationPortrait UIInterfaceOrientationLandscapeLeft UIInterfaceOrientationLandscapeRight";
				IPHONEOS_DEPLOYMENT_TARGET = 14.0;
				LD_RUNPATH_SEARCH_PATHS = (
					"$(inherited)",
					"@executable_path/Frameworks",
				);
				MARKETING_VERSION = 1.0;
				PRODUCT_BUNDLE_IDENTIFIER = com.push.poc;
				PRODUCT_NAME = "$(TARGET_NAME)";
				SWIFT_EMIT_LOC_STRINGS = YES;
				SWIFT_VERSION = 5.0;
				TARGETED_DEVICE_FAMILY = "1,2";
			};
			name = Debug;
		};
		D614177B2C55F0ED00A5B038 /* Release */ = {
			isa = XCBuildConfiguration;
			buildSettings = {
				ASSETCATALOG_COMPILER_APPICON_NAME = AppIcon;
				ASSETCATALOG_COMPILER_GLOBAL_ACCENT_COLOR_NAME = AccentColor;
				CODE_SIGN_ENTITLEMENTS = "Push Notification POC/Push Notification POC.entitlements";
				CODE_SIGN_STYLE = Automatic;
				CURRENT_PROJECT_VERSION = 1;
				DEVELOPMENT_ASSET_PATHS = "\"Push Notification POC/Preview Content\"";
				ENABLE_PREVIEWS = YES;
				GENERATE_INFOPLIST_FILE = YES;
				INFOPLIST_KEY_UIApplicationSceneManifest_Generation = YES;
				INFOPLIST_KEY_UIApplicationSupportsIndirectInputEvents = YES;
				INFOPLIST_KEY_UILaunchScreen_Generation = YES;
				INFOPLIST_KEY_UISupportedInterfaceOrientations_iPad = "UIInterfaceOrientationPortrait UIInterfaceOrientationPortraitUpsideDown UIInterfaceOrientationLandscapeLeft UIInterfaceOrientationLandscapeRight";
				INFOPLIST_KEY_UISupportedInterfaceOrientations_iPhone = "UIInterfaceOrientationPortrait UIInterfaceOrientationLandscapeLeft UIInterfaceOrientationLandscapeRight";
				IPHONEOS_DEPLOYMENT_TARGET = 14.0;
				LD_RUNPATH_SEARCH_PATHS = (
					"$(inherited)",
					"@executable_path/Frameworks",
				);
				MARKETING_VERSION = 1.0;
				PRODUCT_BUNDLE_IDENTIFIER = com.push.poc;
				PRODUCT_NAME = "$(TARGET_NAME)";
				SWIFT_EMIT_LOC_STRINGS = YES;
				SWIFT_VERSION = 5.0;
				TARGETED_DEVICE_FAMILY = "1,2";
			};
			name = Release;
		};
/* End XCBuildConfiguration section */

/* Begin XCConfigurationList section */
		D61417662C55F0EB00A5B038 /* Build configuration list for PBXProject "Push Notification POC" */ = {
			isa = XCConfigurationList;
			buildConfigurations = (
				D61417772C55F0ED00A5B038 /* Debug */,
				D61417782C55F0ED00A5B038 /* Release */,
			);
			defaultConfigurationIsVisible = 0;
			defaultConfigurationName = Release;
		};
		D61417792C55F0ED00A5B038 /* Build configuration list for PBXNativeTarget "Push Notification POC" */ = {
			isa = XCConfigurationList;
			buildConfigurations = (
				D614177A2C55F0ED00A5B038 /* Debug */,
				D614177B2C55F0ED00A5B038 /* Release */,
			);
			defaultConfigurationIsVisible = 0;
			defaultConfigurationName = Release;
		};
/* End XCConfigurationList section */
	};
	rootObject = D61417632C55F0EB00A5B038 /* Project object */;
}
